
Microsoft Visual Studio Solution File, Format Version 12.00
# Visual Studio Version 16
VisualStudioVersion = 16.0.31515.178
MinimumVisualStudioVersion = 10.0.40219.1
Project("{FAE04EC0-301F-11D3-BF4B-00C04F79EFBC}") = "ConsoleApp", "ConsoleApp.csproj", "{912B7803-2BD2-49DF-A652-F787AD00336A}"
EndProject
Global
	GlobalSection(SolutionConfigurationPlatforms) = preSolution
		Debug|Any CPU = Debug|Any CPU
		Release|Any CPU = Release|Any CPU
	EndGlobalSection
	GlobalSection(ProjectConfigurationPlatforms) = postSolution
		{912B7803-2BD2-49DF-A652-F787AD00336A}.Debug|Any CPU.ActiveCfg = Debug|Any CPU
		{912B7803-2BD2-49DF-A652-F787AD00336A}.Debug|Any CPU.Build.0 = Debug|Any CPU
		{912B7803-2BD2-49DF-A652-F787AD00336A}.Release|Any CPU.ActiveCfg = Release|Any CPU
		{912B7803-2BD2-49DF-A652-F787AD00336A}.Release|Any CPU.Build.0 = Release|Any CPU
	EndGlobalSection
	GlobalSection(SolutionProperties) = preSolution
		HideSolutionNode = FALSE
	EndGlobalSection
	GlobalSection(ExtensibilityGlobals) = postSolution
		SolutionGuid = {6358ABE6-971B-4012-9F5F-3D82AFC53837}
	EndGlobalSection
EndGlobal
